
Microsoft Visual Studio Solution File, Format Version 12.00
# Visual Studio 14
VisualStudioVersion = 14.0.25420.1
MinimumVisualStudioVersion = 10.0.40219.1
Project("{FAE04EC0-301F-11D3-BF4B-00C04F79EFBC}") = "BazyDanychADO.NET", "BazyDanychADO.NET\BazyDanychADO.NET.csproj", "{CE8EA629-B280-486A-9BD1-11BE0A5FAECB}"
EndProject
Global
	GlobalSection(SolutionConfigurationPlatforms) = preSolution
		Debug|Any CPU = Debug|Any CPU
		Release|Any CPU = Release|Any CPU
	EndGlobalSection
	GlobalSection(ProjectConfigurationPlatforms) = postSolution
		{CE8EA629-B280-486A-9BD1-11BE0A5FAECB}.Debug|Any CPU.ActiveCfg = Debug|Any CPU
		{CE8EA629-B280-486A-9BD1-11BE0A5FAECB}.Debug|Any CPU.Build.0 = Debug|Any CPU
		{CE8EA629-B280-486A-9BD1-11BE0A5FAECB}.Release|Any CPU.ActiveCfg = Release|Any CPU
		{CE8EA629-B280-486A-9BD1-11BE0A5FAECB}.Release|Any CPU.Build.0 = Release|Any CPU
	EndGlobalSection
	GlobalSection(SolutionProperties) = preSolution
		HideSolutionNode = FALSE
	EndGlobalSection
EndGlobal
